
Microsoft Visual Studio Solution File, Format Version 12.00
# Visual Studio 15
VisualStudioVersion = 15.0.26430.13
MinimumVisualStudioVersion = 10.0.40219.1
Project("{FAE04EC0-301F-11D3-BF4B-00C04F79EFBC}") = "PostMakinası", "PostMakinası\PostMakinası.csproj", "{7F75691E-8C5A-447B-86DE-019CEA2F99B4}"
EndProject
Project("{54435603-DBB4-11D2-8724-00A0C9A8B90C}") = "POST MAKİNASI SETUP", "POST MAKİNASI SETUP\POST MAKİNASI SETUP.vdproj", "{B421BD1F-5AC1-400F-A5EE-AD684B812880}"
EndProject
Global
	GlobalSection(SolutionConfigurationPlatforms) = preSolution
		Debug|Any CPU = Debug|Any CPU
		Release|Any CPU = Release|Any CPU
	EndGlobalSection
	GlobalSection(ProjectConfigurationPlatforms) = postSolution
		{7F75691E-8C5A-447B-86DE-019CEA2F99B4}.Debug|Any CPU.ActiveCfg = Debug|Any CPU
		{7F75691E-8C5A-447B-86DE-019CEA2F99B4}.Debug|Any CPU.Build.0 = Debug|Any CPU
		{7F75691E-8C5A-447B-86DE-019CEA2F99B4}.Release|Any CPU.ActiveCfg = Release|Any CPU
		{7F75691E-8C5A-447B-86DE-019CEA2F99B4}.Release|Any CPU.Build.0 = Release|Any CPU
		{B421BD1F-5AC1-400F-A5EE-AD684B812880}.Debug|Any CPU.ActiveCfg = Debug
		{B421BD1F-5AC1-400F-A5EE-AD684B812880}.Release|Any CPU.ActiveCfg = Release
	EndGlobalSection
	GlobalSection(SolutionProperties) = preSolution
		HideSolutionNode = FALSE
	EndGlobalSection
EndGlobal
